{
  "nodes": {
    "beautysh": {
      "inputs": {
        "flake-utils": "flake-utils",
        "nixpkgs": [
          "bud",
          "nixpkgs"
        ],
        "poetry2nix": "poetry2nix"
      },
      "locked": {
        "lastModified": 1630693543,
        "narHash": "sha256-7Sly3ReaJZw60Qo0rpfN4jF6zy94nwQz6ENgUUFzJfg=",
        "owner": "lovesegfault",
        "repo": "beautysh",
        "rev": "5609593961b70428f58d5c1b4b25cdda43b0d0bd",
        "type": "github"
      },
      "original": {
        "owner": "lovesegfault",
        "repo": "beautysh",
        "type": "github"
      }
    },
    "blank": {
      "locked": {
        "lastModified": 1625557891,
        "narHash": "sha256-O8/MWsPBGhhyPoPLHZAuoZiiHo9q6FLlEeIDEXuj6T4=",
        "owner": "divnix",
        "repo": "blank",
        "rev": "5a5d2684073d9f563072ed07c871d577a6c614a8",
        "type": "github"
      },
      "original": {
        "owner": "divnix",
        "repo": "blank",
        "type": "github"
      }
    },
    "bud": {
      "inputs": {
        "beautysh": "beautysh",
        "devshell": [
          "digga",
          "devshell"
        ],
        "nixpkgs": [
          "nixos"
        ]
      },
      "locked": {
        "lastModified": 1633877936,
        "narHash": "sha256-+o3n6s7fR8dBGRldTGelyp2j3jSyTlrniOXwNfmMG20=",
        "owner": "divnix",
        "repo": "bud",
        "rev": "15df091133ff95216c321b09be04905c0a0944c4",
        "type": "github"
      },
      "original": {
        "owner": "divnix",
        "repo": "bud",
        "type": "github"
      }
    },
    "deploy": {
      "inputs": {
        "flake-compat": "flake-compat",
        "nixpkgs": [
          "digga",
          "latest"
        ],
        "utils": [
          "digga",
          "flake-utils"
        ]
      },
      "locked": {
        "lastModified": 1632822684,
        "narHash": "sha256-lt7eayYmgsD5OQwpb1XYfHpxttn43bWo7G7hIJs+zJw=",
        "owner": "serokell",
        "repo": "deploy-rs",
        "rev": "9a02de4373e0ec272d08a417b269a28ac8b961b4",
        "type": "github"
      },
      "original": {
        "owner": "serokell",
        "repo": "deploy-rs",
        "type": "github"
      }
    },
    "devshell": {
      "locked": {
        "lastModified": 1632436039,
        "narHash": "sha256-OtITeVWcKXn1SpVEnImpTGH91FycCskGBPqmlxiykv4=",
        "owner": "numtide",
        "repo": "devshell",
        "rev": "7a7a7aa0adebe5488e5abaec688fd9ae0f8ea9c6",
        "type": "github"
      },
      "original": {
        "owner": "numtide",
        "repo": "devshell",
        "type": "github"
      }
    },
    "digga": {
      "inputs": {
        "blank": "blank",
        "deploy": "deploy",
        "devshell": "devshell",
        "flake-utils": "flake-utils_2",
        "flake-utils-plus": "flake-utils-plus",
        "home-manager": "home-manager",
        "latest": [
          "latest"
        ],
        "nix": [
          "nix"
        ],
        "nixlib": [
          "nixos"
        ],
        "nixos-generators": "nixos-generators",
        "nixpkgs": [
          "nixos"
        ]
      },
      "locked": {
        "lastModified": 1634161492,
        "narHash": "sha256-7OZz7DqAhO+3axY68xsMXAyD+b5gJgVXuKjslTSCM3Y=",
        "owner": "divnix",
        "repo": "digga",
        "rev": "a55450a16d362b6e1c50bb4025aaa604b385d3ba",
        "type": "github"
      },
      "original": {
        "owner": "divnix",
        "repo": "digga",
        "type": "github"
      }
    },
    "flake-compat": {
      "flake": false,
      "locked": {
        "lastModified": 1627913399,
        "narHash": "sha256-hY8g6H2KFL8ownSiFeMOjwPC8P0ueXpCVEbxgda3pko=",
        "owner": "edolstra",
        "repo": "flake-compat",
        "rev": "12c64ca55c1014cdc1b16ed5a804aa8576601ff2",
        "type": "github"
      },
      "original": {
        "owner": "edolstra",
        "repo": "flake-compat",
        "type": "github"
      }
    },
    "flake-utils": {
      "locked": {
        "lastModified": 1623875721,
        "narHash": "sha256-A8BU7bjS5GirpAUv4QA+QnJ4CceLHkcXdRp4xITDB0s=",
        "owner": "numtide",
        "repo": "flake-utils",
        "rev": "f7e004a55b120c02ecb6219596820fcd32ca8772",
        "type": "github"
      },
      "original": {
        "owner": "numtide",
        "repo": "flake-utils",
        "type": "github"
      }
    },
    "flake-utils-plus": {
      "inputs": {
        "flake-utils": [
          "digga",
          "flake-utils"
        ]
      },
      "locked": {
        "lastModified": 1630859749,
        "narHash": "sha256-qkoU2rIbbP2+T0dfcqXW35GCWNsi0Y1IgN9BELmt4Zo=",
        "owner": "divnix",
        "repo": "flake-utils-plus",
        "rev": "a4e267e3fc87e60c5029c6c3855935ff1ff3018e",
        "type": "github"
      },
      "original": {
        "owner": "divnix",
        "repo": "flake-utils-plus",
        "type": "github"
      }
    },
    "flake-utils_2": {
      "locked": {
        "lastModified": 1623875721,
        "narHash": "sha256-A8BU7bjS5GirpAUv4QA+QnJ4CceLHkcXdRp4xITDB0s=",
        "owner": "numtide",
        "repo": "flake-utils",
        "rev": "f7e004a55b120c02ecb6219596820fcd32ca8772",
        "type": "github"
      },
      "original": {
        "owner": "numtide",
        "repo": "flake-utils",
        "type": "github"
      }
    },
    "home-manager": {
      "inputs": {
        "nixpkgs": [
          "digga",
          "nixlib"
        ]
      },
      "locked": {
        "lastModified": 1629347633,
        "narHash": "sha256-FGZJ7lmTAMIkjdrh6dIPck5HuB4KMT2GgDV5ZjiCWoc=",
        "owner": "nix-community",
        "repo": "home-manager",
        "rev": "bf6b85136b47ab1a76df4a90ea4850871147494a",
        "type": "github"
      },
      "original": {
        "owner": "nix-community",
        "repo": "home-manager",
        "type": "github"
      }
    },
    "latest": {
      "locked": {
        "lastModified": 1634782485,
        "narHash": "sha256-psfh4OQSokGXG0lpq3zKFbhOo3QfoeudRcaUnwMRkQo=",
        "ref": "nixos-unstable",
        "rev": "34ad3ffe08adfca17fcb4e4a47bb5f3b113687be",
        "revCount": 324423,
        "type": "git",
        "url": "file:///nix/nixpkgs"
      },
      "original": {
        "id": "nixpkgs",
        "ref": "nixos-unstable",
        "type": "indirect"
      }
    },
    "lowdown-src": {
      "flake": false,
      "locked": {
        "lastModified": 1633514407,
        "narHash": "sha256-Dw32tiMjdK9t3ETl5fzGrutQTzh2rufgZV4A/BbxuD4=",
        "owner": "kristapsdz",
        "repo": "lowdown",
        "rev": "d2c2b44ff6c27b936ec27358a2653caaef8f73b8",
        "type": "github"
      },
      "original": {
        "owner": "kristapsdz",
        "repo": "lowdown",
        "type": "github"
      }
    },
    "nix": {
      "inputs": {
        "lowdown-src": "lowdown-src",
        "nixpkgs": "nixpkgs"
      },
      "locked": {
        "lastModified": 1633629179,
        "narHash": "sha256-KOb8etMm5LksvT2l+CkvqzMO1bgmo9tJmyaNh0LvaR8=",
        "owner": "nixos",
        "repo": "nix",
        "rev": "663f0a1a2108b5abb0b55e05f6729e01eb446491",
        "type": "github"
      },
      "original": {
        "owner": "nixos",
        "ref": "2.4pre-rc1",
        "repo": "nix",
        "type": "github"
      }
    },
    "nixos": {
      "locked": {
        "lastModified": 1635070614,
        "narHash": "sha256-eRup9WsvSIhsRrSlNugPcQ7gfGOsbk3d4izufwVlz1Q=",
        "ref": "release-21.05",
        "rev": "3b1789322fcbcb5cf51228d732752714f1bf77da",
        "revCount": 295402,
        "type": "git",
        "url": "file:///nix/nixpkgs"
      },
      "original": {
        "id": "nixpkgs",
        "ref": "release-21.05",
        "type": "indirect"
      }
    },
    "nixos-generators": {
      "inputs": {
        "nixlib": [
          "digga",
          "nixlib"
        ],
        "nixpkgs": [
          "digga",
          "blank"
        ]
      },
      "locked": {
        "lastModified": 1624973746,
        "narHash": "sha256-11JbJRduNwyf556gndGErR5/12ceyHOHBfEuha5Vws4=",
        "owner": "nix-community",
        "repo": "nixos-generators",
        "rev": "022ef440af8dc237ab1f59fa363cb1e25783ec3e",
        "type": "github"
      },
      "original": {
        "owner": "nix-community",
        "repo": "nixos-generators",
        "type": "github"
      }
    },
    "nixpkgs": {
      "locked": {
        "lastModified": 1632864508,
        "narHash": "sha256-d127FIvGR41XbVRDPVvozUPQ/uRHbHwvfyKHwEt5xFM=",
        "owner": "NixOS",
        "repo": "nixpkgs",
        "rev": "82891b5e2c2359d7e58d08849e4c89511ab94234",
        "type": "github"
      },
      "original": {
        "id": "nixpkgs",
        "ref": "nixos-21.05-small",
        "type": "indirect"
      }
    },
    "nvfetcher": {
      "inputs": {
        "flake-compat": [
          "digga",
          "deploy",
          "flake-compat"
        ],
        "flake-utils": [
          "digga",
          "flake-utils-plus",
          "flake-utils"
        ],
        "nixpkgs": [
          "latest"
        ]
      },
      "locked": {
        "lastModified": 1634524567,
        "narHash": "sha256-v9ZTZj1WNQaaVfs1P1mUPuh518mmwpqszj1EjdeGUmc=",
        "owner": "berberman",
        "repo": "nvfetcher",
        "rev": "807513f4bbd0e3b5863f4c3b91f8ac846ed6da9b",
        "type": "github"
      },
      "original": {
        "owner": "berberman",
        "repo": "nvfetcher",
        "type": "github"
      }
    },
    "poetry2nix": {
      "inputs": {
        "flake-utils": [
          "bud",
          "beautysh",
          "flake-utils"
        ],
        "nixpkgs": [
          "bud",
          "beautysh",
          "nixpkgs"
        ]
      },
      "locked": {
        "lastModified": 1625240517,
        "narHash": "sha256-2E1gaOP+bCplhf3kliVQWK5N1NV2h06mkJk2KTiRTJQ=",
        "owner": "nix-community",
        "repo": "poetry2nix",
        "rev": "e40e8ed0e8c11e709e4c8c7c20174facd265a021",
        "type": "github"
      },
      "original": {
        "owner": "nix-community",
        "repo": "poetry2nix",
        "type": "github"
      }
    },
    "root": {
      "inputs": {
        "bud": "bud",
        "digga": "digga",
        "latest": "latest",
        "nix": "nix",
        "nixos": "nixos",
        "nvfetcher": "nvfetcher"
      }
    }
  },
  "root": "root",
  "version": 7
}
