{
  "nodes": {
    "devshell": {
      "inputs": {
        "flake-utils": [
          "std",
          "flake-utils"
        ],
        "nixpkgs": [
          "std",
          "nixpkgs"
        ]
      },
      "locked": {
        "lastModified": 1658746384,
        "narHash": "sha256-CCJcoMOcXyZFrV1ag4XMTpAPjLWb4Anbv+ktXFI1ry0=",
        "owner": "numtide",
        "repo": "devshell",
        "rev": "0ffc7937bb5e8141af03d462b468bd071eb18e1b",
        "type": "github"
      },
      "original": {
        "owner": "numtide",
        "repo": "devshell",
        "type": "github"
      }
    },
    "dmerge": {
      "inputs": {
        "nixlib": [
          "std",
          "nixpkgs"
        ],
        "yants": [
          "std",
          "yants"
        ]
      },
      "locked": {
        "lastModified": 1659548052,
        "narHash": "sha256-fzI2gp1skGA8mQo/FBFrUAtY0GQkAIAaV/V127TJPyY=",
        "owner": "divnix",
        "repo": "data-merge",
        "rev": "d160d18ce7b1a45b88344aa3f13ed1163954b497",
        "type": "github"
      },
      "original": {
        "owner": "divnix",
        "repo": "data-merge",
        "type": "github"
      }
    },
    "flake-utils": {
      "locked": {
        "lastModified": 1656928814,
        "narHash": "sha256-RIFfgBuKz6Hp89yRr7+NR5tzIAbn52h8vT6vXkYjZoM=",
        "owner": "numtide",
        "repo": "flake-utils",
        "rev": "7e2a3b3dfd9af950a856d66b0a7d01e3c18aa249",
        "type": "github"
      },
      "original": {
        "owner": "numtide",
        "repo": "flake-utils",
        "type": "github"
      }
    },
    "mdbook-kroki-preprocessor": {
      "flake": false,
      "locked": {
        "lastModified": 1655670640,
        "narHash": "sha256-JjqdxftHBjABTkOpFl3cWUJtc/KGwkQ3NRWGLjH2oUs=",
        "owner": "JoelCourtney",
        "repo": "mdbook-kroki-preprocessor",
        "rev": "bb6e607437ecc3f22fd9036acee6b797a5b45dbc",
        "type": "github"
      },
      "original": {
        "owner": "JoelCourtney",
        "repo": "mdbook-kroki-preprocessor",
        "type": "github"
      }
    },
    "nixago": {
      "inputs": {
        "flake-utils": [
          "std",
          "flake-utils"
        ],
        "nixago-exts": "nixago-exts",
        "nixpkgs": [
          "std",
          "nixpkgs"
        ]
      },
      "locked": {
        "lastModified": 1659153038,
        "narHash": "sha256-g4npRU8YBR7CAqMF0SyXtkHnoY9q+NcxvZwcc6UvLBc=",
        "owner": "nix-community",
        "repo": "nixago",
        "rev": "608abdd0fe6729d1f7244e03f1a7f8a5d6408898",
        "type": "github"
      },
      "original": {
        "owner": "nix-community",
        "repo": "nixago",
        "type": "github"
      }
    },
    "nixago-exts": {
      "locked": {
        "lastModified": 1625557891,
        "narHash": "sha256-O8/MWsPBGhhyPoPLHZAuoZiiHo9q6FLlEeIDEXuj6T4=",
        "owner": "divnix",
        "repo": "blank",
        "rev": "5a5d2684073d9f563072ed07c871d577a6c614a8",
        "type": "github"
      },
      "original": {
        "owner": "nix-community",
        "repo": "nixago-extensions",
        "type": "github"
      }
    },
    "nixpkgs": {
      "locked": {
        "lastModified": 1660908602,
        "narHash": "sha256-SwZ85IPWvC4NxxFhWhRMTJpApSHbY1u4YK2UFWEBWvY=",
        "owner": "nixos",
        "repo": "nixpkgs",
        "rev": "495b19d5b3e62b4ec7e846bdfb6ef3d9c3b83492",
        "type": "github"
      },
      "original": {
        "owner": "nixos",
        "ref": "nixos-unstable",
        "repo": "nixpkgs",
        "type": "github"
      }
    },
    "root": {
      "inputs": {
        "nixpkgs": "nixpkgs",
        "std": "std"
      }
    },
    "std": {
      "inputs": {
        "devshell": "devshell",
        "dmerge": "dmerge",
        "flake-utils": "flake-utils",
        "mdbook-kroki-preprocessor": "mdbook-kroki-preprocessor",
        "nixago": "nixago",
        "nixpkgs": [
          "nixpkgs"
        ],
        "yants": "yants"
      },
      "locked": {
        "lastModified": 1660856350,
        "narHash": "sha256-rS4ePyOgzdvqNxi/cZKWpfNlM6406gH9yyVXWoZ8qkg=",
        "owner": "divnix",
        "repo": "std",
        "rev": "8eab29bf973cf5beb0f43371b449ab7b41fcb63e",
        "type": "github"
      },
      "original": {
        "owner": "divnix",
        "repo": "std",
        "type": "github"
      }
    },
    "yants": {
      "inputs": {
        "nixpkgs": [
          "std",
          "nixpkgs"
        ]
      },
      "locked": {
        "lastModified": 1645126146,
        "narHash": "sha256-XQ1eg4gzXoc7Tl8iXak1uCt3KnsTyxqPtLE+vOoDnrQ=",
        "owner": "divnix",
        "repo": "yants",
        "rev": "77df2be1b3cce9f571c6cf451f786b266a6869cc",
        "type": "github"
      },
      "original": {
        "owner": "divnix",
        "repo": "yants",
        "type": "github"
      }
    }
  },
  "root": "root",
  "version": 7
}
